
Microsoft Visual Studio Solution File, Format Version 12.00
# Visual Studio Version 16
VisualStudioVersion = 16.0.31205.134
MinimumVisualStudioVersion = 10.0.40219.1
Project("{FAE04EC0-301F-11D3-BF4B-00C04F79EFBC}") = "CleanArchMvc.Domain", "CleanArchMvc.Domain\CleanArchMvc.Domain.csproj", "{8D1F02D1-2A04-4F6D-8A81-59B1B50CF0D9}"
EndProject
Project("{FAE04EC0-301F-11D3-BF4B-00C04F79EFBC}") = "CleanArchMvc.Aplication", "CleanArchMvc.Aplication\CleanArchMvc.Aplication.csproj", "{A84F8D7D-AA12-4798-9426-9A1B2E80E91B}"
EndProject
Project("{FAE04EC0-301F-11D3-BF4B-00C04F79EFBC}") = "CleanArchMvc.InfraData", "CleanArchMvc.InfraData\CleanArchMvc.InfraData.csproj", "{5BB9FF6A-54D5-42DE-9F24-219ED474003E}"
EndProject
Project("{FAE04EC0-301F-11D3-BF4B-00C04F79EFBC}") = "CleanArchMvc.Infra.IoC", "CleanArchMvc.Infra.IoC\CleanArchMvc.Infra.IoC.csproj", "{CF64FB3C-56DE-40A7-B584-350406D297AA}"
EndProject
Project("{FAE04EC0-301F-11D3-BF4B-00C04F79EFBC}") = "CleanArchMvc.WebUI", "CleanArchMvc.WebUI\CleanArchMvc.WebUI.csproj", "{8ACEC827-733D-4DBE-B993-0FE39E6EDBBA}"
EndProject
Project("{FAE04EC0-301F-11D3-BF4B-00C04F79EFBC}") = "CleanArchMvc.Domain.Tests", "CleanArchMvc.Domain.Tests\CleanArchMvc.Domain.Tests.csproj", "{FBBF95B9-79B0-4425-9D6C-7EE2193F57E9}"
EndProject
Global
	GlobalSection(SolutionConfigurationPlatforms) = preSolution
		Debug|Any CPU = Debug|Any CPU
		Release|Any CPU = Release|Any CPU
	EndGlobalSection
	GlobalSection(ProjectConfigurationPlatforms) = postSolution
		{8D1F02D1-2A04-4F6D-8A81-59B1B50CF0D9}.Debug|Any CPU.ActiveCfg = Debug|Any CPU
		{8D1F02D1-2A04-4F6D-8A81-59B1B50CF0D9}.Debug|Any CPU.Build.0 = Debug|Any CPU
		{8D1F02D1-2A04-4F6D-8A81-59B1B50CF0D9}.Release|Any CPU.ActiveCfg = Release|Any CPU
		{8D1F02D1-2A04-4F6D-8A81-59B1B50CF0D9}.Release|Any CPU.Build.0 = Release|Any CPU
		{A84F8D7D-AA12-4798-9426-9A1B2E80E91B}.Debug|Any CPU.ActiveCfg = Debug|Any CPU
		{A84F8D7D-AA12-4798-9426-9A1B2E80E91B}.Debug|Any CPU.Build.0 = Debug|Any CPU
		{A84F8D7D-AA12-4798-9426-9A1B2E80E91B}.Release|Any CPU.ActiveCfg = Release|Any CPU
		{A84F8D7D-AA12-4798-9426-9A1B2E80E91B}.Release|Any CPU.Build.0 = Release|Any CPU
		{5BB9FF6A-54D5-42DE-9F24-219ED474003E}.Debug|Any CPU.ActiveCfg = Debug|Any CPU
		{5BB9FF6A-54D5-42DE-9F24-219ED474003E}.Debug|Any CPU.Build.0 = Debug|Any CPU
		{5BB9FF6A-54D5-42DE-9F24-219ED474003E}.Release|Any CPU.ActiveCfg = Release|Any CPU
		{5BB9FF6A-54D5-42DE-9F24-219ED474003E}.Release|Any CPU.Build.0 = Release|Any CPU
		{CF64FB3C-56DE-40A7-B584-350406D297AA}.Debug|Any CPU.ActiveCfg = Debug|Any CPU
		{CF64FB3C-56DE-40A7-B584-350406D297AA}.Debug|Any CPU.Build.0 = Debug|Any CPU
		{CF64FB3C-56DE-40A7-B584-350406D297AA}.Release|Any CPU.ActiveCfg = Release|Any CPU
		{CF64FB3C-56DE-40A7-B584-350406D297AA}.Release|Any CPU.Build.0 = Release|Any CPU
		{8ACEC827-733D-4DBE-B993-0FE39E6EDBBA}.Debug|Any CPU.ActiveCfg = Debug|Any CPU
		{8ACEC827-733D-4DBE-B993-0FE39E6EDBBA}.Debug|Any CPU.Build.0 = Debug|Any CPU
		{8ACEC827-733D-4DBE-B993-0FE39E6EDBBA}.Release|Any CPU.ActiveCfg = Release|Any CPU
		{8ACEC827-733D-4DBE-B993-0FE39E6EDBBA}.Release|Any CPU.Build.0 = Release|Any CPU
		{FBBF95B9-79B0-4425-9D6C-7EE2193F57E9}.Debug|Any CPU.ActiveCfg = Debug|Any CPU
		{FBBF95B9-79B0-4425-9D6C-7EE2193F57E9}.Debug|Any CPU.Build.0 = Debug|Any CPU
		{FBBF95B9-79B0-4425-9D6C-7EE2193F57E9}.Release|Any CPU.ActiveCfg = Release|Any CPU
		{FBBF95B9-79B0-4425-9D6C-7EE2193F57E9}.Release|Any CPU.Build.0 = Release|Any CPU
	EndGlobalSection
	GlobalSection(SolutionProperties) = preSolution
		HideSolutionNode = FALSE
	EndGlobalSection
	GlobalSection(ExtensibilityGlobals) = postSolution
		SolutionGuid = {33B80DE5-C5C9-497D-A87F-9CB1FAC3253C}
	EndGlobalSection
EndGlobal
